
Microsoft Visual Studio Solution File, Format Version 12.00
# Visual Studio Version 17
VisualStudioVersion = 17.12.35527.113 d17.12
MinimumVisualStudioVersion = 10.0.40219.1
Project("{FAE04EC0-301F-11D3-BF4B-00C04F79EFBC}") = "ATMConsoleApp", "ATMConsoleApp\ATMConsoleApp.csproj", "{2A7CED88-FF33-4601-A0B5-58AF92A6B87E}"
EndProject
Project("{FAE04EC0-301F-11D3-BF4B-00C04F79EFBC}") = "ATMApp", "ATMApp\ATMApp.csproj", "{DF061B1D-0BB5-4960-B7F3-6C5B0D390A7E}"
EndProject
Project("{FAE04EC0-301F-11D3-BF4B-00C04F79EFBC}") = "ATMWindowsApp", "ATMWindowsApp\ATMWindowsApp.csproj", "{44B4A50F-41C0-411B-9945-B7390E7896E9}"
EndProject
Global
	GlobalSection(SolutionConfigurationPlatforms) = preSolution
		Debug|Any CPU = Debug|Any CPU
		Release|Any CPU = Release|Any CPU
	EndGlobalSection
	GlobalSection(ProjectConfigurationPlatforms) = postSolution
		{2A7CED88-FF33-4601-A0B5-58AF92A6B87E}.Debug|Any CPU.ActiveCfg = Debug|Any CPU
		{2A7CED88-FF33-4601-A0B5-58AF92A6B87E}.Debug|Any CPU.Build.0 = Debug|Any CPU
		{2A7CED88-FF33-4601-A0B5-58AF92A6B87E}.Release|Any CPU.ActiveCfg = Release|Any CPU
		{2A7CED88-FF33-4601-A0B5-58AF92A6B87E}.Release|Any CPU.Build.0 = Release|Any CPU
		{DF061B1D-0BB5-4960-B7F3-6C5B0D390A7E}.Debug|Any CPU.ActiveCfg = Debug|Any CPU
		{DF061B1D-0BB5-4960-B7F3-6C5B0D390A7E}.Debug|Any CPU.Build.0 = Debug|Any CPU
		{DF061B1D-0BB5-4960-B7F3-6C5B0D390A7E}.Release|Any CPU.ActiveCfg = Release|Any CPU
		{DF061B1D-0BB5-4960-B7F3-6C5B0D390A7E}.Release|Any CPU.Build.0 = Release|Any CPU
		{44B4A50F-41C0-411B-9945-B7390E7896E9}.Debug|Any CPU.ActiveCfg = Debug|Any CPU
		{44B4A50F-41C0-411B-9945-B7390E7896E9}.Debug|Any CPU.Build.0 = Debug|Any CPU
		{44B4A50F-41C0-411B-9945-B7390E7896E9}.Release|Any CPU.ActiveCfg = Release|Any CPU
		{44B4A50F-41C0-411B-9945-B7390E7896E9}.Release|Any CPU.Build.0 = Release|Any CPU
	EndGlobalSection
	GlobalSection(SolutionProperties) = preSolution
		HideSolutionNode = FALSE
	EndGlobalSection
EndGlobal
